
Microsoft Visual Studio Solution File, Format Version 12.00
Project("{FAE04EC0-301F-11D3-BF4B-00C04F79EFBC}") = "API", "API\API.csproj", "{4849EEB0-256C-438E-9D3E-BE23DB0D5F7F}"
EndProject
Project("{FAE04EC0-301F-11D3-BF4B-00C04F79EFBC}") = "Domain", "Domain\Domain.csproj", "{3F9025A2-7393-4270-B951-6FB32861E441}"
EndProject
Project("{FAE04EC0-301F-11D3-BF4B-00C04F79EFBC}") = "Persistence", "Persistence\Persistence.csproj", "{1B6C08FF-B9C1-4A98-951A-07B93417D20A}"
EndProject
Project("{FAE04EC0-301F-11D3-BF4B-00C04F79EFBC}") = "Application", "Application\Application.csproj", "{18B9A3FC-07DF-4B03-854F-75A120210439}"
EndProject
Global
	GlobalSection(SolutionConfigurationPlatforms) = preSolution
		Debug|Any CPU = Debug|Any CPU
		Release|Any CPU = Release|Any CPU
	EndGlobalSection
	GlobalSection(ProjectConfigurationPlatforms) = postSolution
		{4849EEB0-256C-438E-9D3E-BE23DB0D5F7F}.Debug|Any CPU.ActiveCfg = Debug|Any CPU
		{4849EEB0-256C-438E-9D3E-BE23DB0D5F7F}.Debug|Any CPU.Build.0 = Debug|Any CPU
		{4849EEB0-256C-438E-9D3E-BE23DB0D5F7F}.Release|Any CPU.ActiveCfg = Release|Any CPU
		{4849EEB0-256C-438E-9D3E-BE23DB0D5F7F}.Release|Any CPU.Build.0 = Release|Any CPU
		{3F9025A2-7393-4270-B951-6FB32861E441}.Debug|Any CPU.ActiveCfg = Debug|Any CPU
		{3F9025A2-7393-4270-B951-6FB32861E441}.Debug|Any CPU.Build.0 = Debug|Any CPU
		{3F9025A2-7393-4270-B951-6FB32861E441}.Release|Any CPU.ActiveCfg = Release|Any CPU
		{3F9025A2-7393-4270-B951-6FB32861E441}.Release|Any CPU.Build.0 = Release|Any CPU
		{1B6C08FF-B9C1-4A98-951A-07B93417D20A}.Debug|Any CPU.ActiveCfg = Debug|Any CPU
		{1B6C08FF-B9C1-4A98-951A-07B93417D20A}.Debug|Any CPU.Build.0 = Debug|Any CPU
		{1B6C08FF-B9C1-4A98-951A-07B93417D20A}.Release|Any CPU.ActiveCfg = Release|Any CPU
		{1B6C08FF-B9C1-4A98-951A-07B93417D20A}.Release|Any CPU.Build.0 = Release|Any CPU
		{18B9A3FC-07DF-4B03-854F-75A120210439}.Debug|Any CPU.ActiveCfg = Debug|Any CPU
		{18B9A3FC-07DF-4B03-854F-75A120210439}.Debug|Any CPU.Build.0 = Debug|Any CPU
		{18B9A3FC-07DF-4B03-854F-75A120210439}.Release|Any CPU.ActiveCfg = Release|Any CPU
		{18B9A3FC-07DF-4B03-854F-75A120210439}.Release|Any CPU.Build.0 = Release|Any CPU
	EndGlobalSection
EndGlobal
